// !$*UTF8*$!
{
	archiveVersion = 1;
	classes = {
	};
	objectVersion = 55;
	objects = {

/* Begin PBXBuildFile section */
		BD34E28428ABDFA30026A56B /* AppDelegate.swift in Sources */ = {isa = PBXBuildFile; fileRef = BD34E28328ABDFA30026A56B /* AppDelegate.swift */; };
		BD34E28628ABDFA30026A56B /* SceneDelegate.swift in Sources */ = {isa = PBXBuildFile; fileRef = BD34E28528ABDFA30026A56B /* SceneDelegate.swift */; };
		BD34E28828ABDFA30026A56B /* ViewController.swift in Sources */ = {isa = PBXBuildFile; fileRef = BD34E28728ABDFA30026A56B /* ViewController.swift */; };
		BD34E28B28ABDFA30026A56B /* Main.storyboard in Resources */ = {isa = PBXBuildFile; fileRef = BD34E28928ABDFA30026A56B /* Main.storyboard */; };
		BD34E28E28ABDFA30026A56B /* myapp.xcdatamodeld in Sources */ = {isa = PBXBuildFile; fileRef = BD34E28C28ABDFA30026A56B /* myapp.xcdatamodeld */; };
		BD34E29328ABDFA50026A56B /* LaunchScreen.storyboard in Resources */ = {isa = PBXBuildFile; fileRef = BD34E29128ABDFA50026A56B /* LaunchScreen.storyboard */; };
		BD34E29D28AC1D7B0026A56B /* NewsViewController.swift in Sources */ = {isa = PBXBuildFile; fileRef = BD34E29C28AC1D7B0026A56B /* NewsViewController.swift */; };
		BD34E2A128AD2C7D0026A56B /* SearchViewController.swift in Sources */ = {isa = PBXBuildFile; fileRef = BD34E2A028AD2C7D0026A56B /* SearchViewController.swift */; };
		BD34E2A328AD2D3F0026A56B /* ResultsViewController.swift in Sources */ = {isa = PBXBuildFile; fileRef = BD34E2A228AD2D3F0026A56B /* ResultsViewController.swift */; };
		BD34E2A728AD31E10026A56B /* Location2ViewController.swift in Sources */ = {isa = PBXBuildFile; fileRef = BD34E2A628AD31E10026A56B /* Location2ViewController.swift */; };
		BD34E2A928AD31EA0026A56B /* Location3ViewController.swift in Sources */ = {isa = PBXBuildFile; fileRef = BD34E2A828AD31EA0026A56B /* Location3ViewController.swift */; };
		BD34E2AB28AD31F70026A56B /* Location4ViewController.swift in Sources */ = {isa = PBXBuildFile; fileRef = BD34E2AA28AD31F70026A56B /* Location4ViewController.swift */; };
		BD34E2AD28AD334E0026A56B /* Location1ViewController.swift in Sources */ = {isa = PBXBuildFile; fileRef = BD34E2AC28AD334E0026A56B /* Location1ViewController.swift */; };
		BD34E2AF28AD5CD50026A56B /* Assets.xcassets in Resources */ = {isa = PBXBuildFile; fileRef = BD34E2AE28AD5CD50026A56B /* Assets.xcassets */; };
		BDF6322C28AE80EF0052A7D0 /* ChatViewController.swift in Sources */ = {isa = PBXBuildFile; fileRef = BDF6322B28AE80EF0052A7D0 /* ChatViewController.swift */; };
		BDF6322F28AE829C0052A7D0 /* StreamChat in Frameworks */ = {isa = PBXBuildFile; productRef = BDF6322E28AE829C0052A7D0 /* StreamChat */; };
		BDF6323128AE829C0052A7D0 /* StreamChatUI in Frameworks */ = {isa = PBXBuildFile; productRef = BDF6323028AE829C0052A7D0 /* StreamChatUI */; };
/* End PBXBuildFile section */

/* Begin PBXFileReference section */
		BD34E28028ABDFA30026A56B /* myapp.app */ = {isa = PBXFileReference; explicitFileType = wrapper.application; includeInIndex = 0; path = myapp.app; sourceTree = BUILT_PRODUCTS_DIR; };
		BD34E28328ABDFA30026A56B /* AppDelegate.swift */ = {isa = PBXFileReference; lastKnownFileType = sourcecode.swift; path = AppDelegate.swift; sourceTree = "<group>"; };
		BD34E28528ABDFA30026A56B /* SceneDelegate.swift */ = {isa = PBXFileReference; lastKnownFileType = sourcecode.swift; path = SceneDelegate.swift; sourceTree = "<group>"; };
		BD34E28728ABDFA30026A56B /* ViewController.swift */ = {isa = PBXFileReference; lastKnownFileType = sourcecode.swift; path = ViewController.swift; sourceTree = "<group>"; };
		BD34E28A28ABDFA30026A56B /* Base */ = {isa = PBXFileReference; lastKnownFileType = file.storyboard; name = Base; path = Base.lproj/Main.storyboard; sourceTree = "<group>"; };
		BD34E28D28ABDFA30026A56B /* myapp.xcdatamodel */ = {isa = PBXFileReference; lastKnownFileType = wrapper.xcdatamodel; path = myapp.xcdatamodel; sourceTree = "<group>"; };
		BD34E29228ABDFA50026A56B /* Base */ = {isa = PBXFileReference; lastKnownFileType = file.storyboard; name = Base; path = Base.lproj/LaunchScreen.storyboard; sourceTree = "<group>"; };
		BD34E29428ABDFA50026A56B /* Info.plist */ = {isa = PBXFileReference; lastKnownFileType = text.plist.xml; path = Info.plist; sourceTree = "<group>"; };
		BD34E29C28AC1D7B0026A56B /* NewsViewController.swift */ = {isa = PBXFileReference; lastKnownFileType = sourcecode.swift; path = NewsViewController.swift; sourceTree = "<group>"; };
		BD34E2A028AD2C7D0026A56B /* SearchViewController.swift */ = {isa = PBXFileReference; lastKnownFileType = sourcecode.swift; path = SearchViewController.swift; sourceTree = "<group>"; };
		BD34E2A228AD2D3F0026A56B /* ResultsViewController.swift */ = {isa = PBXFileReference; lastKnownFileType = sourcecode.swift; path = ResultsViewController.swift; sourceTree = "<group>"; };
		BD34E2A628AD31E10026A56B /* Location2ViewController.swift */ = {isa = PBXFileReference; lastKnownFileType = sourcecode.swift; path = Location2ViewController.swift; sourceTree = "<group>"; };
		BD34E2A828AD31EA0026A56B /* Location3ViewController.swift */ = {isa = PBXFileReference; lastKnownFileType = sourcecode.swift; path = Location3ViewController.swift; sourceTree = "<group>"; };
		BD34E2AA28AD31F70026A56B /* Location4ViewController.swift */ = {isa = PBXFileReference; lastKnownFileType = sourcecode.swift; path = Location4ViewController.swift; sourceTree = "<group>"; };
		BD34E2AC28AD334E0026A56B /* Location1ViewController.swift */ = {isa = PBXFileReference; lastKnownFileType = sourcecode.swift; path = Location1ViewController.swift; sourceTree = "<group>"; };
		BD34E2AE28AD5CD50026A56B /* Assets.xcassets */ = {isa = PBXFileReference; lastKnownFileType = folder.assetcatalog; name = Assets.xcassets; path = ../../../../.Trash/Assets.xcassets; sourceTree = "<group>"; };
		BDF6322B28AE80EF0052A7D0 /* ChatViewController.swift */ = {isa = PBXFileReference; lastKnownFileType = sourcecode.swift; path = ChatViewController.swift; sourceTree = "<group>"; };
/* End PBXFileReference section */

/* Begin PBXFrameworksBuildPhase section */
		BD34E27D28ABDFA30026A56B /* Frameworks */ = {
			isa = PBXFrameworksBuildPhase;
			buildActionMask = 2147483647;
			files = (
				BDF6323128AE829C0052A7D0 /* StreamChatUI in Frameworks */,
				BDF6322F28AE829C0052A7D0 /* StreamChat in Frameworks */,
			);
			runOnlyForDeploymentPostprocessing = 0;
		};
/* End PBXFrameworksBuildPhase section */

/* Begin PBXGroup section */
		BD34E27728ABDFA30026A56B = {
			isa = PBXGroup;
			children = (
				BD34E2A228AD2D3F0026A56B /* ResultsViewController.swift */,
				BD34E28228ABDFA30026A56B /* myapp */,
				BD34E28128ABDFA30026A56B /* Products */,
			);
			sourceTree = "<group>";
		};
		BD34E28128ABDFA30026A56B /* Products */ = {
			isa = PBXGroup;
			children = (
				BD34E28028ABDFA30026A56B /* myapp.app */,
			);
			name = Products;
			sourceTree = "<group>";
		};
		BD34E28228ABDFA30026A56B /* myapp */ = {
			isa = PBXGroup;
			children = (
				BD34E28328ABDFA30026A56B /* AppDelegate.swift */,
				BD34E28528ABDFA30026A56B /* SceneDelegate.swift */,
				BD34E28728ABDFA30026A56B /* ViewController.swift */,
				BD34E29C28AC1D7B0026A56B /* NewsViewController.swift */,
				BD34E2A028AD2C7D0026A56B /* SearchViewController.swift */,
				BD34E2AC28AD334E0026A56B /* Location1ViewController.swift */,
				BD34E2A628AD31E10026A56B /* Location2ViewController.swift */,
				BD34E2A828AD31EA0026A56B /* Location3ViewController.swift */,
				BD34E2AA28AD31F70026A56B /* Location4ViewController.swift */,
				BDF6322B28AE80EF0052A7D0 /* ChatViewController.swift */,
				BD34E28928ABDFA30026A56B /* Main.storyboard */,
				BD34E2AE28AD5CD50026A56B /* Assets.xcassets */,
				BD34E29128ABDFA50026A56B /* LaunchScreen.storyboard */,
				BD34E29428ABDFA50026A56B /* Info.plist */,
				BD34E28C28ABDFA30026A56B /* myapp.xcdatamodeld */,
			);
			path = myapp;
			sourceTree = "<group>";
		};
/* End PBXGroup section */

/* Begin PBXNativeTarget section */
		BD34E27F28ABDFA30026A56B /* myapp */ = {
			isa = PBXNativeTarget;
			buildConfigurationList = BD34E29728ABDFA50026A56B /* Build configuration list for PBXNativeTarget "myapp" */;
			buildPhases = (
				BD34E27C28ABDFA30026A56B /* Sources */,
				BD34E27D28ABDFA30026A56B /* Frameworks */,
				BD34E27E28ABDFA30026A56B /* Resources */,
			);
			buildRules = (
			);
			dependencies = (
			);
			name = myapp;
			packageProductDependencies = (
				BDF6322E28AE829C0052A7D0 /* StreamChat */,
				BDF6323028AE829C0052A7D0 /* StreamChatUI */,
			);
			productName = myapp;
			productReference = BD34E28028ABDFA30026A56B /* myapp.app */;
			productType = "com.apple.product-type.application";
		};
/* End PBXNativeTarget section */

/* Begin PBXProject section */
		BD34E27828ABDFA30026A56B /* Project object */ = {
			isa = PBXProject;
			attributes = {
				BuildIndependentTargetsInParallel = 1;
				LastSwiftUpdateCheck = 1340;
				LastUpgradeCheck = 1340;
				TargetAttributes = {
					BD34E27F28ABDFA30026A56B = {
						CreatedOnToolsVersion = 13.4.1;
					};
				};
			};
			buildConfigurationList = BD34E27B28ABDFA30026A56B /* Build configuration list for PBXProject "myapp" */;
			compatibilityVersion = "Xcode 13.0";
			developmentRegion = en;
			hasScannedForEncodings = 0;
			knownRegions = (
				en,
				Base,
			);
			mainGroup = BD34E27728ABDFA30026A56B;
			packageReferences = (
				BDF6322D28AE829C0052A7D0 /* XCRemoteSwiftPackageReference "stream-chat-swift" */,
			);
			productRefGroup = BD34E28128ABDFA30026A56B /* Products */;
			projectDirPath = "";
			projectRoot = "";
			targets = (
				BD34E27F28ABDFA30026A56B /* myapp */,
			);
		};
/* End PBXProject section */

/* Begin PBXResourcesBuildPhase section */
		BD34E27E28ABDFA30026A56B /* Resources */ = {
			isa = PBXResourcesBuildPhase;
			buildActionMask = 2147483647;
			files = (
				BD34E29328ABDFA50026A56B /* LaunchScreen.storyboard in Resources */,
				BD34E2AF28AD5CD50026A56B /* Assets.xcassets in Resources */,
				BD34E28B28ABDFA30026A56B /* Main.storyboard in Resources */,
			);
			runOnlyForDeploymentPostprocessing = 0;
		};
/* End PBXResourcesBuildPhase section */

/* Begin PBXSourcesBuildPhase section */
		BD34E27C28ABDFA30026A56B /* Sources */ = {
			isa = PBXSourcesBuildPhase;
			buildActionMask = 2147483647;
			files = (
				BD34E2A128AD2C7D0026A56B /* SearchViewController.swift in Sources */,
				BD34E28828ABDFA30026A56B /* ViewController.swift in Sources */,
				BD34E2AB28AD31F70026A56B /* Location4ViewController.swift in Sources */,
				BD34E28E28ABDFA30026A56B /* myapp.xcdatamodeld in Sources */,
				BD34E2AD28AD334E0026A56B /* Location1ViewController.swift in Sources */,
				BD34E2A928AD31EA0026A56B /* Location3ViewController.swift in Sources */,
				BD34E2A728AD31E10026A56B /* Location2ViewController.swift in Sources */,
				BD34E2A328AD2D3F0026A56B /* ResultsViewController.swift in Sources */,
				BD34E28428ABDFA30026A56B /* AppDelegate.swift in Sources */,
				BD34E29D28AC1D7B0026A56B /* NewsViewController.swift in Sources */,
				BDF6322C28AE80EF0052A7D0 /* ChatViewController.swift in Sources */,
				BD34E28628ABDFA30026A56B /* SceneDelegate.swift in Sources */,
			);
			runOnlyForDeploymentPostprocessing = 0;
		};
/* End PBXSourcesBuildPhase section */

/* Begin PBXVariantGroup section */
		BD34E28928ABDFA30026A56B /* Main.storyboard */ = {
			isa = PBXVariantGroup;
			children = (
				BD34E28A28ABDFA30026A56B /* Base */,
			);
			name = Main.storyboard;
			sourceTree = "<group>";
		};
		BD34E29128ABDFA50026A56B /* LaunchScreen.storyboard */ = {
			isa = PBXVariantGroup;
			children = (
				BD34E29228ABDFA50026A56B /* Base */,
			);
			name = LaunchScreen.storyboard;
			sourceTree = "<group>";
		};
/* End PBXVariantGroup section */

/* Begin XCBuildConfiguration section */
		BD34E29528ABDFA50026A56B /* Debug */ = {
			isa = XCBuildConfiguration;
			buildSettings = {
				ALWAYS_SEARCH_USER_PATHS = NO;
				CLANG_ANALYZER_NONNULL = YES;
				CLANG_ANALYZER_NUMBER_OBJECT_CONVERSION = YES_AGGRESSIVE;
				CLANG_CXX_LANGUAGE_STANDARD = "gnu++17";
				CLANG_ENABLE_MODULES = YES;
				CLANG_ENABLE_OBJC_ARC = YES;
				CLANG_ENABLE_OBJC_WEAK = YES;
				CLANG_WARN_BLOCK_CAPTURE_AUTORELEASING = YES;
				CLANG_WARN_BOOL_CONVERSION = YES;
				CLANG_WARN_COMMA = YES;
				CLANG_WARN_CONSTANT_CONVERSION = YES;
				CLANG_WARN_DEPRECATED_OBJC_IMPLEMENTATIONS = YES;
				CLANG_WARN_DIRECT_OBJC_ISA_USAGE = YES_ERROR;
				CLANG_WARN_DOCUMENTATION_COMMENTS = YES;
				CLANG_WARN_EMPTY_BODY = YES;
				CLANG_WARN_ENUM_CONVERSION = YES;
				CLANG_WARN_INFINITE_RECURSION = YES;
				CLANG_WARN_INT_CONVERSION = YES;
				CLANG_WARN_NON_LITERAL_NULL_CONVERSION = YES;
				CLANG_WARN_OBJC_IMPLICIT_RETAIN_SELF = YES;
				CLANG_WARN_OBJC_LITERAL_CONVERSION = YES;
				CLANG_WARN_OBJC_ROOT_CLASS = YES_ERROR;
				CLANG_WARN_QUOTED_INCLUDE_IN_FRAMEWORK_HEADER = YES;
				CLANG_WARN_RANGE_LOOP_ANALYSIS = YES;
				CLANG_WARN_STRICT_PROTOTYPES = YES;
				CLANG_WARN_SUSPICIOUS_MOVE = YES;
				CLANG_WARN_UNGUARDED_AVAILABILITY = YES_AGGRESSIVE;
				CLANG_WARN_UNREACHABLE_CODE = YES;
				CLANG_WARN__DUPLICATE_METHOD_MATCH = YES;
				COPY_PHASE_STRIP = NO;
				DEBUG_INFORMATION_FORMAT = dwarf;
				ENABLE_STRICT_OBJC_MSGSEND = YES;
				ENABLE_TESTABILITY = YES;
				GCC_C_LANGUAGE_STANDARD = gnu11;
				GCC_DYNAMIC_NO_PIC = NO;
				GCC_NO_COMMON_BLOCKS = YES;
				GCC_OPTIMIZATION_LEVEL = 0;
				GCC_PREPROCESSOR_DEFINITIONS = (
					"DEBUG=1",
					"$(inherited)",
				);
				GCC_WARN_64_TO_32_BIT_CONVERSION = YES;
				GCC_WARN_ABOUT_RETURN_TYPE = YES_ERROR;
				GCC_WARN_UNDECLARED_SELECTOR = YES;
				GCC_WARN_UNINITIALIZED_AUTOS = YES_AGGRESSIVE;
				GCC_WARN_UNUSED_FUNCTION = YES;
				GCC_WARN_UNUSED_VARIABLE = YES;
				IPHONEOS_DEPLOYMENT_TARGET = 15.5;
				MTL_ENABLE_DEBUG_INFO = INCLUDE_SOURCE;
				MTL_FAST_MATH = YES;
				ONLY_ACTIVE_ARCH = YES;
				SDKROOT = iphoneos;
				SWIFT_ACTIVE_COMPILATION_CONDITIONS = DEBUG;
				SWIFT_OPTIMIZATION_LEVEL = "-Onone";
			};
			name = Debug;
		};
		BD34E29628ABDFA50026A56B /* Release */ = {
			isa = XCBuildConfiguration;
			buildSettings = {
				ALWAYS_SEARCH_USER_PATHS = NO;
				CLANG_ANALYZER_NONNULL = YES;
				CLANG_ANALYZER_NUMBER_OBJECT_CONVERSION = YES_AGGRESSIVE;
				CLANG_CXX_LANGUAGE_STANDARD = "gnu++17";
				CLANG_ENABLE_MODULES = YES;
				CLANG_ENABLE_OBJC_ARC = YES;
				CLANG_ENABLE_OBJC_WEAK = YES;
				CLANG_WARN_BLOCK_CAPTURE_AUTORELEASING = YES;
				CLANG_WARN_BOOL_CONVERSION = YES;
				CLANG_WARN_COMMA = YES;
				CLANG_WARN_CONSTANT_CONVERSION = YES;
				CLANG_WARN_DEPRECATED_OBJC_IMPLEMENTATIONS = YES;
				CLANG_WARN_DIRECT_OBJC_ISA_USAGE = YES_ERROR;
				CLANG_WARN_DOCUMENTATION_COMMENTS = YES;
				CLANG_WARN_EMPTY_BODY = YES;
				CLANG_WARN_ENUM_CONVERSION = YES;
				CLANG_WARN_INFINITE_RECURSION = YES;
				CLANG_WARN_INT_CONVERSION = YES;
				CLANG_WARN_NON_LITERAL_NULL_CONVERSION = YES;
				CLANG_WARN_OBJC_IMPLICIT_RETAIN_SELF = YES;
				CLANG_WARN_OBJC_LITERAL_CONVERSION = YES;
				CLANG_WARN_OBJC_ROOT_CLASS = YES_ERROR;
				CLANG_WARN_QUOTED_INCLUDE_IN_FRAMEWORK_HEADER = YES;
				CLANG_WARN_RANGE_LOOP_ANALYSIS = YES;
				CLANG_WARN_STRICT_PROTOTYPES = YES;
				CLANG_WARN_SUSPICIOUS_MOVE = YES;
				CLANG_WARN_UNGUARDED_AVAILABILITY = YES_AGGRESSIVE;
				CLANG_WARN_UNREACHABLE_CODE = YES;
				CLANG_WARN__DUPLICATE_METHOD_MATCH = YES;
				COPY_PHASE_STRIP = NO;
				DEBUG_INFORMATION_FORMAT = "dwarf-with-dsym";
				ENABLE_NS_ASSERTIONS = NO;
				ENABLE_STRICT_OBJC_MSGSEND = YES;
				GCC_C_LANGUAGE_STANDARD = gnu11;
				GCC_NO_COMMON_BLOCKS = YES;
				GCC_WARN_64_TO_32_BIT_CONVERSION = YES;
				GCC_WARN_ABOUT_RETURN_TYPE = YES_ERROR;
				GCC_WARN_UNDECLARED_SELECTOR = YES;
				GCC_WARN_UNINITIALIZED_AUTOS = YES_AGGRESSIVE;
				GCC_WARN_UNUSED_FUNCTION = YES;
				GCC_WARN_UNUSED_VARIABLE = YES;
				IPHONEOS_DEPLOYMENT_TARGET = 15.5;
				MTL_ENABLE_DEBUG_INFO = NO;
				MTL_FAST_MATH = YES;
				SDKROOT = iphoneos;
				SWIFT_COMPILATION_MODE = wholemodule;
				SWIFT_OPTIMIZATION_LEVEL = "-O";
				VALIDATE_PRODUCT = YES;
			};
			name = Release;
		};
		BD34E29828ABDFA50026A56B /* Debug */ = {
			isa = XCBuildConfiguration;
			buildSettings = {
				ASSETCATALOG_COMPILER_APPICON_NAME = AppIcon;
				ASSETCATALOG_COMPILER_GLOBAL_ACCENT_COLOR_NAME = AccentColor;
				CODE_SIGN_STYLE = Automatic;
				CURRENT_PROJECT_VERSION = 1;
				GENERATE_INFOPLIST_FILE = YES;
				INFOPLIST_FILE = myapp/Info.plist;
				INFOPLIST_KEY_UIApplicationSupportsIndirectInputEvents = YES;
				INFOPLIST_KEY_UILaunchStoryboardName = LaunchScreen;
				INFOPLIST_KEY_UIMainStoryboardFile = Main;
				INFOPLIST_KEY_UISupportedInterfaceOrientations_iPad = "UIInterfaceOrientationPortrait UIInterfaceOrientationPortraitUpsideDown UIInterfaceOrientationLandscapeLeft UIInterfaceOrientationLandscapeRight";
				INFOPLIST_KEY_UISupportedInterfaceOrientations_iPhone = "UIInterfaceOrientationPortrait UIInterfaceOrientationLandscapeLeft UIInterfaceOrientationLandscapeRight";
				LD_RUNPATH_SEARCH_PATHS = (
					"$(inherited)",
					"@executable_path/Frameworks",
				);
				MARKETING_VERSION = 1.0;
				PRODUCT_BUNDLE_IDENTIFIER = KWK.myapp;
				PRODUCT_NAME = "$(TARGET_NAME)";
				SWIFT_EMIT_LOC_STRINGS = YES;
				SWIFT_VERSION = 5.0;
				TARGETED_DEVICE_FAMILY = "1,2";
			};
			name = Debug;
		};
		BD34E29928ABDFA50026A56B /* Release */ = {
			isa = XCBuildConfiguration;
			buildSettings = {
				ASSETCATALOG_COMPILER_APPICON_NAME = AppIcon;
				ASSETCATALOG_COMPILER_GLOBAL_ACCENT_COLOR_NAME = AccentColor;
				CODE_SIGN_STYLE = Automatic;
				CURRENT_PROJECT_VERSION = 1;
				GENERATE_INFOPLIST_FILE = YES;
				INFOPLIST_FILE = myapp/Info.plist;
				INFOPLIST_KEY_UIApplicationSupportsIndirectInputEvents = YES;
				INFOPLIST_KEY_UILaunchStoryboardName = LaunchScreen;
				INFOPLIST_KEY_UIMainStoryboardFile = Main;
				INFOPLIST_KEY_UISupportedInterfaceOrientations_iPad = "UIInterfaceOrientationPortrait UIInterfaceOrientationPortraitUpsideDown UIInterfaceOrientationLandscapeLeft UIInterfaceOrientationLandscapeRight";
				INFOPLIST_KEY_UISupportedInterfaceOrientations_iPhone = "UIInterfaceOrientationPortrait UIInterfaceOrientationLandscapeLeft UIInterfaceOrientationLandscapeRight";
				LD_RUNPATH_SEARCH_PATHS = (
					"$(inherited)",
					"@executable_path/Frameworks",
				);
				MARKETING_VERSION = 1.0;
				PRODUCT_BUNDLE_IDENTIFIER = KWK.myapp;
				PRODUCT_NAME = "$(TARGET_NAME)";
				SWIFT_EMIT_LOC_STRINGS = YES;
				SWIFT_VERSION = 5.0;
				TARGETED_DEVICE_FAMILY = "1,2";
			};
			name = Release;
		};
/* End XCBuildConfiguration section */

/* Begin XCConfigurationList section */
		BD34E27B28ABDFA30026A56B /* Build configuration list for PBXProject "myapp" */ = {
			isa = XCConfigurationList;
			buildConfigurations = (
				BD34E29528ABDFA50026A56B /* Debug */,
				BD34E29628ABDFA50026A56B /* Release */,
			);
			defaultConfigurationIsVisible = 0;
			defaultConfigurationName = Release;
		};
		BD34E29728ABDFA50026A56B /* Build configuration list for PBXNativeTarget "myapp" */ = {
			isa = XCConfigurationList;
			buildConfigurations = (
				BD34E29828ABDFA50026A56B /* Debug */,
				BD34E29928ABDFA50026A56B /* Release */,
			);
			defaultConfigurationIsVisible = 0;
			defaultConfigurationName = Release;
		};
/* End XCConfigurationList section */

/* Begin XCRemoteSwiftPackageReference section */
		BDF6322D28AE829C0052A7D0 /* XCRemoteSwiftPackageReference "stream-chat-swift" */ = {
			isa = XCRemoteSwiftPackageReference;
			repositoryURL = "https://github.com/getstream/stream-chat-swift";
			requirement = {
				kind = upToNextMajorVersion;
				minimumVersion = 4.0.0;
			};
		};
/* End XCRemoteSwiftPackageReference section */

/* Begin XCSwiftPackageProductDependency section */
		BDF6322E28AE829C0052A7D0 /* StreamChat */ = {
			isa = XCSwiftPackageProductDependency;
			package = BDF6322D28AE829C0052A7D0 /* XCRemoteSwiftPackageReference "stream-chat-swift" */;
			productName = StreamChat;
		};
		BDF6323028AE829C0052A7D0 /* StreamChatUI */ = {
			isa = XCSwiftPackageProductDependency;
			package = BDF6322D28AE829C0052A7D0 /* XCRemoteSwiftPackageReference "stream-chat-swift" */;
			productName = StreamChatUI;
		};
/* End XCSwiftPackageProductDependency section */

/* Begin XCVersionGroup section */
		BD34E28C28ABDFA30026A56B /* myapp.xcdatamodeld */ = {
			isa = XCVersionGroup;
			children = (
				BD34E28D28ABDFA30026A56B /* myapp.xcdatamodel */,
			);
			currentVersion = BD34E28D28ABDFA30026A56B /* myapp.xcdatamodel */;
			path = myapp.xcdatamodeld;
			sourceTree = "<group>";
			versionGroupType = wrapper.xcdatamodel;
		};
/* End XCVersionGroup section */
	};
	rootObject = BD34E27828ABDFA30026A56B /* Project object */;
}
